
Microsoft Visual Studio Solution File, Format Version 12.00
# Visual Studio Version 16
VisualStudioVersion = 16.0.30907.101
MinimumVisualStudioVersion = 10.0.40219.1
Project("{FAE04EC0-301F-11D3-BF4B-00C04F79EFBC}") = "GenericController", "GenericController\GenericController.csproj", "{CD54CE83-446B-4B5E-A9B2-441967E5B924}"
EndProject
Global
	GlobalSection(SolutionConfigurationPlatforms) = preSolution
		Debug|Any CPU = Debug|Any CPU
		Release|Any CPU = Release|Any CPU
	EndGlobalSection
	GlobalSection(ProjectConfigurationPlatforms) = postSolution
		{CD54CE83-446B-4B5E-A9B2-441967E5B924}.Debug|Any CPU.ActiveCfg = Debug|Any CPU
		{CD54CE83-446B-4B5E-A9B2-441967E5B924}.Debug|Any CPU.Build.0 = Debug|Any CPU
		{CD54CE83-446B-4B5E-A9B2-441967E5B924}.Release|Any CPU.ActiveCfg = Release|Any CPU
		{CD54CE83-446B-4B5E-A9B2-441967E5B924}.Release|Any CPU.Build.0 = Release|Any CPU
	EndGlobalSection
	GlobalSection(SolutionProperties) = preSolution
		HideSolutionNode = FALSE
	EndGlobalSection
	GlobalSection(ExtensibilityGlobals) = postSolution
		SolutionGuid = {D2804110-E553-402D-9BBB-00FE504EBB14}
	EndGlobalSection
EndGlobal
